
Microsoft Visual Studio Solution File, Format Version 15.00
# Visual Studio 2012
Project("{FAE04EC0-301F-11D3-BF4B-00C04F79EFBC}") = "shanghaiwalk", "shanghaiwalk.csproj", "{93425A3D-4FB6-4559-A162-43DE0DC31960}"
EndProject
Global
	GlobalSection(SolutionConfigurationPlatforms) = preSolution
		Debug|Any CPU = Debug|Any CPU
		Release|Any CPU = Release|Any CPU
	EndGlobalSection
	GlobalSection(ProjectConfigurationPlatforms) = postSolution
		{93425A3D-4FB6-4559-A162-43DE0DC31960}.Debug|Any CPU.ActiveCfg = Debug|Any CPU
		{93425A3D-4FB6-4559-A162-43DE0DC31960}.Debug|Any CPU.Build.0 = Debug|Any CPU
		{93425A3D-4FB6-4559-A162-43DE0DC31960}.Release|Any CPU.ActiveCfg = Release|Any CPU
		{93425A3D-4FB6-4559-A162-43DE0DC31960}.Release|Any CPU.Build.0 = Release|Any CPU
	EndGlobalSection
EndGlobal
